<?xml version="1.0" encoding="utf-8"?>
<Project ToolsVersion="4.0" xmlns="http://schemas.microsoft.com/developer/msbuild/2003">
  <ItemGroup>
    <ClCompile Include="Camera\EditorCamera.cpp" />
    <ClCompile Include="ConsoleMessage\ConsoleMessage.cpp" />
    <ClCompile Include="Cursor\Cursor.cpp" />
    <ClCompile Include="SceneEditor\ActorEditor\Data\PosData.cpp" />
    <ClCompile Include="SceneEditor\ActorEditor\ActorEditorBase.cpp" />
    <ClCompile Include="SceneEditor\ActorEditor\CameraEditor.cpp" />
    <ClCompile Include="SceneEditor\ActorEditor\CircleBeeEditor.cpp" />
    <ClCompile Include="SceneEditor\ActorEditor\GravityBox2Editor.cpp" />
    <ClCompile Include="SceneEditor\ActorEditor\GravityBox4Editor.cpp" />
    <ClCompile Include="SceneEditor\ActorEditor\GroundEditor.cpp" />
    <ClCompile Include="SceneEditor\ActorEditor\GuruWarpEditor.cpp" />
    <ClCompile Include="SceneEditor\ActorEditor\PlayerEditor.cpp" />
    <ClCompile Include="SceneEditor\ActorEditor\StraightBeeEditor.cpp" />
    <ClCompile Include="SceneEditor\ActorEditor\TogeEditor.cpp" />
    <ClCompile Include="SceneEditor\ActorEditor\TripleEditor.cpp" />
    <ClCompile Include="SceneEditor\CreateActorEditor.cpp" />
    <ClCompile Include="SceneEditor\SceneEditor.cpp" />
    <ClCompile Include="LoadFunc.cpp" />
    <ClCompile Include="main.cpp" />
    <ClCompile Include="SaveFunc.cpp" />
    <ClCompile Include="StageEditor.cpp" />
    <ClCompile Include="StartActor.cpp" />
    <ClCompile Include="SceneEditor\ActorEditor\BlinderEditor.cpp" />
    <ClCompile Include="SceneEditor\ActorEditor\GemEditor.cpp" />
    <ClCompile Include="SceneEditor\ActorEditor\TearGemEditor.cpp" />
    <ClCompile Include="SceneEditor\ActorEditor\FrogEditor.cpp" />
    <ClCompile Include="SceneEditor\ActorEditor\ThroughFloorEditor.cpp" />
    <ClCompile Include="SceneEditor\ActorEditor\MoveGroundEditor.cpp" />
    <ClCompile Include="SceneEditor\ActorEditor\CarrotEditor.cpp" />
    <ClCompile Include="SceneEditor\ActorEditor\DoguEditor.cpp" />
    <ClCompile Include="SceneEditor\ActorEditor\TrampolineEditor.cpp" />
    <ClCompile Include="SceneEditor\ActorEditor\GoalEditor.cpp" />
    <ClCompile Include="SceneEditor\ActorEditor\MaiEditor.cpp" />
    <ClCompile Include="SceneEditor\ActorEditor\TogeBlockEditor.cpp" />
    <ClCompile Include="SceneEditor\ActorEditor\CycleLiftEditor.cpp" />
  </ItemGroup>
  <ItemGroup>
    <ClInclude Include="Camera\EditorCamera.hpp" />
    <ClInclude Include="ConsoleMessage\ConsoleMessage.hpp" />
    <ClInclude Include="Cursor\Cursor.hpp" />
    <ClInclude Include="SceneEditor\ActorEditor\Data\Data.hpp" />
    <ClInclude Include="SceneEditor\ActorEditor\Data\PosData.hpp" />
    <ClInclude Include="SceneEditor\ActorEditor\ActorData.hpp" />
    <ClInclude Include="SceneEditor\ActorEditor\ActorEditorBase.hpp" />
    <ClInclude Include="SceneEditor\ActorEditor\CameraEditor.hpp" />
    <ClInclude Include="SceneEditor\ActorEditor\CircleBeeEditor.hpp" />
    <ClInclude Include="SceneEditor\ActorEditor\GravityBox2Editor.hpp" />
    <ClInclude Include="SceneEditor\ActorEditor\GravityBox4Editor.hpp" />
    <ClInclude Include="SceneEditor\ActorEditor\GroundEditor.hpp" />
    <ClInclude Include="SceneEditor\ActorEditor\GuruWarpEditor.hpp" />
    <ClInclude Include="SceneEditor\ActorEditor\PlayerEditor.hpp" />
    <ClInclude Include="SceneEditor\ActorEditor\StraightBeeEditor.hpp" />
    <ClInclude Include="SceneEditor\ActorEditor\TogeEditor.hpp" />
    <ClInclude Include="SceneEditor\ActorEditor\TripleEditor.hpp" />
    <ClInclude Include="SceneEditor\BeginPolicy.hpp" />
    <ClInclude Include="SceneEditor\CreateActorEditor.hpp" />
    <ClInclude Include="SceneEditor\SceneEditor.hpp" />
    <ClInclude Include="LoadFunc.hpp" />
    <ClInclude Include="SaveFunc.hpp" />
    <ClInclude Include="StageEditor.hpp" />
    <ClInclude Include="StartActor.hpp" />
    <ClInclude Include="SceneEditor\ActorEditor\GoalEditor.hpp" />
    <ClInclude Include="SceneEditor\ActorEditor\Utility\StringDataCheker.hpp" />
    <ClInclude Include="SceneEditor\ActorEditor\BlinderEditor.hpp" />
    <ClInclude Include="SceneEditor\ActorEditor\GemEditor.hpp" />
    <ClInclude Include="SceneEditor\ActorEditor\TearGemEditor.hpp" />
    <ClInclude Include="SceneEditor\ActorEditor\FrogEditor.hpp" />
    <ClInclude Include="SceneEditor\ActorEditor\ThroughFloorEditor.hpp" />
    <ClInclude Include="SceneEditor\ActorEditor\MoveGroundEditor.hpp" />
    <ClInclude Include="SceneEditor\ActorEditor\CarrotEditor.hpp" />
    <ClInclude Include="SceneEditor\ActorEditor\DoguEditor.hpp" />
    <ClInclude Include="SceneEditor\ActorEditor\TrampolineEditor.hpp" />
    <ClInclude Include="SceneEditor\ActorEditor\MaiEditor.hpp" />
    <ClInclude Include="SceneEditor\ActorEditor\TogeBlockEditor.hpp" />
    <ClInclude Include="SceneEditor\ActorEditor\CycleLiftEditor.hpp" />
  </ItemGroup>
</Project>