<?xml version="1.0" encoding="utf-8"?>
<Project ToolsVersion="4.0" xmlns="http://schemas.microsoft.com/developer/msbuild/2003">
  <ItemGroup>
    <ClCompile Include="Main.cpp" />
    <ClCompile Include="Console\ConsoleMessage.cpp" />
    <ClCompile Include="StageEditor.cpp" />
    <ClCompile Include="SceneEditor\ActorEditor\PosInfo\PosInfo.cpp" />
    <ClCompile Include="SceneEditor\ActorEditor\PosInfo\PosInfoUtility.cpp" />
    <ClCompile Include="SceneEditor\ActorEditor\ActorEditorBase.cpp" />
    <ClCompile Include="SceneEditor\SceneEditor.cpp" />
    <ClCompile Include="SceneEditor\ActorEditor\GroundEditor.cpp" />
    <ClCompile Include="Utility\ClickManager.cpp" />
    <ClCompile Include="Utility\Cursor.cpp" />
    <ClCompile Include="SceneEditor\ActorEditor\PlayerEditor.cpp" />
    <ClCompile Include="FileFunc.cpp" />
    <ClCompile Include="SceneEditor\CreateActorEditor.cpp" />
    <ClCompile Include="Utility\EditorCamera.cpp" />
    <ClCompile Include="SceneEditor\ActorEditor\CameraEditor.cpp" />
  </ItemGroup>
  <ItemGroup>
    <ClInclude Include="StartActor.hpp" />
    <ClInclude Include="Console\ConsoleMessage.hpp" />
    <ClInclude Include="StageInfo.hpp" />
    <ClInclude Include="StageEditor.hpp" />
    <ClInclude Include="SceneEditor\SceneEditor.hpp" />
    <ClInclude Include="SceneEditor\ActorEditor\ActorEditorBase.hpp" />
    <ClInclude Include="SceneEditor\ActorEditor\PosInfo\PosInfo.hpp" />
    <ClInclude Include="SceneEditor\ActorEditor\PosInfo\PosInfoUtility.hpp" />
    <ClInclude Include="SceneEditor\ActorEditor\GroundEditor.hpp" />
    <ClInclude Include="SceneEditor\ActorEditor\PlayerEditor.hpp" />
    <ClInclude Include="Utility\ClickManager.hpp" />
    <ClInclude Include="Utility\Cursor.hpp" />
    <ClInclude Include="FileFunc.hpp" />
    <ClInclude Include="SceneEditor\CreateActorEditor.hpp" />
    <ClInclude Include="TestJson.hpp" />
    <ClInclude Include="Utility\EditorCamera.hpp" />
    <ClInclude Include="SceneEditor\ActorEditor\CameraEditor.hpp" />
  </ItemGroup>
</Project>