<?xml version="1.0" encoding="utf-8"?>
<Project ToolsVersion="4.0" xmlns="http://schemas.microsoft.com/developer/msbuild/2003">
  <ItemGroup>
    <ClCompile Include="GameScene\StageSelect\DataDisplay\StringDisplay.cpp" />
    <ClCompile Include="GameScene\StageSelect\DataDisplay\TearGemDisplay.cpp" />
    <ClCompile Include="GameScene\StageSelect\HexChip\HexChip.cpp" />
    <ClCompile Include="GameScene\StageSelect\ChoiceIcon.cpp" />
    <ClCompile Include="GameScene\GameSceneBase.cpp" />
    <ClCompile Include="GameScene\GameStage.cpp" />
    <ClCompile Include="GameScene\StageSelect.cpp" />
    <ClCompile Include="RectCurtain\RectCurtain.cpp" />
    <ClCompile Include="Game.cpp" />
    <ClCompile Include="Main.cpp" />
    <ClCompile Include="LoadSaveFunc.cpp" />
    <ClCompile Include="GameScene\TitleScene.cpp" />
    <ClCompile Include="GameScene\TitleScene\TitleLogo.cpp" />
    <ClCompile Include="TemporaryMessage\TemporaryMessage.cpp" />
    <ClCompile Include="GameScene\GameOverScene.cpp" />
    <ClCompile Include="GameScene\TitleScene\SelectButton.cpp" />
    <ClCompile Include="GameScene\StageSelect\MoveKeyAssist\KeyHex.cpp" />
    <ClCompile Include="GameScene\StageSelect\MoveKeyAssist.cpp" />
  </ItemGroup>
  <ItemGroup>
    <ClInclude Include="GameScene\StageSelect\DataDisplay\StringDisplay.hpp" />
    <ClInclude Include="GameScene\StageSelect\DataDisplay\TearGemDisplay.hpp" />
    <ClInclude Include="GameScene\StageSelect\DataDisplay\TearGemDisplayParam.hpp" />
    <ClInclude Include="GameScene\StageSelect\HexChip\HexChip.hpp" />
    <ClInclude Include="GameScene\StageSelect\HexChip\HexChipParam.hpp" />
    <ClInclude Include="GameScene\StageSelect\HexChip\ToVector2.hpp" />
    <ClInclude Include="GameScene\StageSelect\ChoiceIcon.hpp" />
    <ClInclude Include="GameScene\StageSelect\StageSelectParam.hpp" />
    <ClInclude Include="GameScene\Utility\HexVec.hpp" />
    <ClInclude Include="GameScene\GameData.hpp" />
    <ClInclude Include="GameScene\GameSceneBase.hpp" />
    <ClInclude Include="GameScene\GameSceneFlag.hpp" />
    <ClInclude Include="GameScene\GameStage.hpp" />
    <ClInclude Include="GameScene\StageDataParam.hpp" />
    <ClInclude Include="GameScene\StageSelect.hpp" />
    <ClInclude Include="GameScene\StageStateFlag.hpp" />
    <ClInclude Include="RectCurtain\RectCurtain.hpp" />
    <ClInclude Include="RectCurtain\RectCurtainParam.hpp" />
    <ClInclude Include="Game.hpp" />
    <ClInclude Include="StageData.hpp" />
    <ClInclude Include="LoadSaveFunc.hpp" />
    <ClInclude Include="GameScene\TitleScene.hpp" />
    <ClInclude Include="GameScene\TitleScene\CursorPos.hpp" />
    <ClInclude Include="GameScene\TitleScene\TitleSceneParam.hpp" />
    <ClInclude Include="GameScene\TitleScene\ButtonParam.hpp" />
    <ClInclude Include="GameScene\TitleScene\TitleLogo.hpp" />
    <ClInclude Include="GameScene\TitleScene\TitleLogoParam.hpp" />
    <ClInclude Include="TemporaryMessage\TemporaryMessage.hpp" />
    <ClInclude Include="GameParam.hpp" />
    <ClInclude Include="GameScene\GameOverScene.hpp" />
    <ClInclude Include="GameScene\TitleScene\SelectButton.hpp" />
    <ClInclude Include="GameScene\StageSelect\MoveKeyAssist.hpp" />
    <ClInclude Include="GameScene\StageSelect\MoveKeyAssist\KeyHex.hpp" />
    <ClInclude Include="GameScene\StageSelect\MoveKeyAssist\KeyHexParam.hpp" />
    <ClInclude Include="GameScene\StageSelect\MoveKeyAssist\MoveKeyAssistParam.hpp" />
  </ItemGroup>
</Project>