
Microsoft Visual Studio Solution File, Format Version 12.00
# Visual Studio Version 16
VisualStudioVersion = 16.0.30114.105
MinimumVisualStudioVersion = 10.0.40219.1
Project("{8BC9CEB8-8B4A-11D0-8D11-00A0C91BC942}") = "SharedProject", "SharedProject\SharedProject.vcxitems", "{F8944312-21F1-4EBC-814A-EE1D3FEE24D0}"
EndProject
Project("{8BC9CEB8-8B4A-11D0-8D11-00A0C91BC942}") = "StageEditor", "StageEditor\StageEditor.vcxproj", "{520E6BF1-F93C-40CF-B3A9-6482A03A6143}"
EndProject
Project("{8BC9CEB8-8B4A-11D0-8D11-00A0C91BC942}") = "Game", "Game\Game.vcxproj", "{7E8B9166-8EBC-4D29-8D6A-F91F1C7DA416}"
EndProject
Global
	GlobalSection(SharedMSBuildProjectFiles) = preSolution
		SharedProject\SharedProject.vcxitems*{520e6bf1-f93c-40cf-b3a9-6482a03a6143}*SharedItemsImports = 4
		SharedProject\SharedProject.vcxitems*{7e8b9166-8ebc-4d29-8d6a-f91f1c7da416}*SharedItemsImports = 4
		SharedProject\SharedProject.vcxitems*{f8944312-21f1-4ebc-814a-ee1d3fee24d0}*SharedItemsImports = 9
	EndGlobalSection
	GlobalSection(SolutionConfigurationPlatforms) = preSolution
		Debug|x64 = Debug|x64
		Debug|x86 = Debug|x86
		Release|x64 = Release|x64
		Release|x86 = Release|x86
	EndGlobalSection
	GlobalSection(ProjectConfigurationPlatforms) = postSolution
		{520E6BF1-F93C-40CF-B3A9-6482A03A6143}.Debug|x64.ActiveCfg = Debug|x64
		{520E6BF1-F93C-40CF-B3A9-6482A03A6143}.Debug|x64.Build.0 = Debug|x64
		{520E6BF1-F93C-40CF-B3A9-6482A03A6143}.Debug|x86.ActiveCfg = Debug|Win32
		{520E6BF1-F93C-40CF-B3A9-6482A03A6143}.Debug|x86.Build.0 = Debug|Win32
		{520E6BF1-F93C-40CF-B3A9-6482A03A6143}.Release|x64.ActiveCfg = Release|x64
		{520E6BF1-F93C-40CF-B3A9-6482A03A6143}.Release|x64.Build.0 = Release|x64
		{520E6BF1-F93C-40CF-B3A9-6482A03A6143}.Release|x86.ActiveCfg = Release|Win32
		{520E6BF1-F93C-40CF-B3A9-6482A03A6143}.Release|x86.Build.0 = Release|Win32
		{7E8B9166-8EBC-4D29-8D6A-F91F1C7DA416}.Debug|x64.ActiveCfg = Debug|x64
		{7E8B9166-8EBC-4D29-8D6A-F91F1C7DA416}.Debug|x64.Build.0 = Debug|x64
		{7E8B9166-8EBC-4D29-8D6A-F91F1C7DA416}.Debug|x86.ActiveCfg = Debug|Win32
		{7E8B9166-8EBC-4D29-8D6A-F91F1C7DA416}.Debug|x86.Build.0 = Debug|Win32
		{7E8B9166-8EBC-4D29-8D6A-F91F1C7DA416}.Release|x64.ActiveCfg = Release|x64
		{7E8B9166-8EBC-4D29-8D6A-F91F1C7DA416}.Release|x64.Build.0 = Release|x64
		{7E8B9166-8EBC-4D29-8D6A-F91F1C7DA416}.Release|x86.ActiveCfg = Release|Win32
		{7E8B9166-8EBC-4D29-8D6A-F91F1C7DA416}.Release|x86.Build.0 = Release|Win32
	EndGlobalSection
	GlobalSection(SolutionProperties) = preSolution
		HideSolutionNode = FALSE
	EndGlobalSection
	GlobalSection(ExtensibilityGlobals) = postSolution
		SolutionGuid = {23D51A1C-86ED-41F5-8C82-7B17FB844B5C}
	EndGlobalSection
EndGlobal
