
Microsoft Visual Studio Solution File, Format Version 12.00
# Visual Studio Version 16
VisualStudioVersion = 16.0.30114.105
MinimumVisualStudioVersion = 10.0.40219.1
Project("{8BC9CEB8-8B4A-11D0-8D11-00A0C91BC942}") = "Game", "GameDev\GameDev.vcxproj", "{F753F311-412D-4AAE-B292-5C1A64579173}"
EndProject
Project("{8BC9CEB8-8B4A-11D0-8D11-00A0C91BC942}") = "SharedProject", "SharedProjectDev\SharedProjectDev.vcxitems", "{B56EEAC4-88A7-4348-A460-6C364033770B}"
EndProject
Project("{8BC9CEB8-8B4A-11D0-8D11-00A0C91BC942}") = "StageEditor", "StageEditorDev\StageEditorDev.vcxproj", "{FC3E03A7-3473-4BD7-B186-304AAD1B72F5}"
EndProject
Global
	GlobalSection(SharedMSBuildProjectFiles) = preSolution
		SharedProjectDev\SharedProjectDev.vcxitems*{b56eeac4-88a7-4348-a460-6c364033770b}*SharedItemsImports = 9
		SharedProjectDev\SharedProjectDev.vcxitems*{f753f311-412d-4aae-b292-5c1a64579173}*SharedItemsImports = 4
		SharedProjectDev\SharedProjectDev.vcxitems*{fc3e03a7-3473-4bd7-b186-304aad1b72f5}*SharedItemsImports = 4
	EndGlobalSection
	GlobalSection(SolutionConfigurationPlatforms) = preSolution
		Debug|x64 = Debug|x64
		Debug|x86 = Debug|x86
		Release|x64 = Release|x64
		Release|x86 = Release|x86
	EndGlobalSection
	GlobalSection(ProjectConfigurationPlatforms) = postSolution
		{F753F311-412D-4AAE-B292-5C1A64579173}.Debug|x64.ActiveCfg = Debug|x64
		{F753F311-412D-4AAE-B292-5C1A64579173}.Debug|x64.Build.0 = Debug|x64
		{F753F311-412D-4AAE-B292-5C1A64579173}.Debug|x86.ActiveCfg = Debug|Win32
		{F753F311-412D-4AAE-B292-5C1A64579173}.Debug|x86.Build.0 = Debug|Win32
		{F753F311-412D-4AAE-B292-5C1A64579173}.Release|x64.ActiveCfg = Release|x64
		{F753F311-412D-4AAE-B292-5C1A64579173}.Release|x64.Build.0 = Release|x64
		{F753F311-412D-4AAE-B292-5C1A64579173}.Release|x86.ActiveCfg = Release|Win32
		{F753F311-412D-4AAE-B292-5C1A64579173}.Release|x86.Build.0 = Release|Win32
		{FC3E03A7-3473-4BD7-B186-304AAD1B72F5}.Debug|x64.ActiveCfg = Debug|x64
		{FC3E03A7-3473-4BD7-B186-304AAD1B72F5}.Debug|x64.Build.0 = Debug|x64
		{FC3E03A7-3473-4BD7-B186-304AAD1B72F5}.Debug|x86.ActiveCfg = Debug|Win32
		{FC3E03A7-3473-4BD7-B186-304AAD1B72F5}.Debug|x86.Build.0 = Debug|Win32
		{FC3E03A7-3473-4BD7-B186-304AAD1B72F5}.Release|x64.ActiveCfg = Release|x64
		{FC3E03A7-3473-4BD7-B186-304AAD1B72F5}.Release|x64.Build.0 = Release|x64
		{FC3E03A7-3473-4BD7-B186-304AAD1B72F5}.Release|x86.ActiveCfg = Release|Win32
		{FC3E03A7-3473-4BD7-B186-304AAD1B72F5}.Release|x86.Build.0 = Release|Win32
	EndGlobalSection
	GlobalSection(SolutionProperties) = preSolution
		HideSolutionNode = FALSE
	EndGlobalSection
	GlobalSection(ExtensibilityGlobals) = postSolution
		SolutionGuid = {23D51A1C-86ED-41F5-8C82-7B17FB844B5C}
	EndGlobalSection
EndGlobal
