<?xml version="1.0" encoding="utf-8"?>
<Project ToolsVersion="4.0" xmlns="http://schemas.microsoft.com/developer/msbuild/2003">
  <ItemGroup>
    <ClInclude Include="StageEditor.hpp" />
    <ClInclude Include="ConsoleMessage\ConsoleMessage.hpp" />
    <ClInclude Include="StartActor.hpp" />
    <ClInclude Include="SceneEditor\SceneEditor.hpp" />
    <ClInclude Include="SceneEditor\ActorEditor\ActorEditorBase.hpp" />
    <ClInclude Include="SceneEditor\ActorEditor\Data\Data.hpp" />
    <ClInclude Include="SceneEditor\BeginPolicy.hpp" />
    <ClInclude Include="SceneEditor\ActorEditor\ActorData.hpp" />
    <ClInclude Include="SaveFunc.hpp" />
    <ClInclude Include="SceneEditor\CreateActorEditor.hpp" />
    <ClInclude Include="LoadFunc.hpp" />
    <ClInclude Include="SceneEditor\ActorEditor\PlayerEditor.hpp" />
    <ClInclude Include="Cursor\Cursor.hpp" />
    <ClInclude Include="SceneEditor\ActorEditor\Data\PosData.hpp" />
    <ClInclude Include="SceneEditor\ActorEditor\GroundEditor.hpp" />
    <ClInclude Include="SceneEditor\ActorEditor\GuruWarpEditor.hpp" />
    <ClInclude Include="SceneEditor\ActorEditor\CameraEditor.hpp" />
    <ClInclude Include="Camera\EditorCamera.hpp" />
    <ClInclude Include="SceneEditor\ActorEditor\TogeEditor.hpp" />
    <ClInclude Include="SceneEditor\ActorEditor\TripleEditor.hpp" />
  </ItemGroup>
  <ItemGroup>
    <ClCompile Include="ConsoleMessage\ConsoleMessage.cpp" />
    <ClCompile Include="StageEditor.cpp" />
    <ClCompile Include="main.cpp" />
    <ClCompile Include="SceneEditor\SceneEditor.cpp" />
    <ClCompile Include="SceneEditor\ActorEditor\ActorEditorBase.cpp" />
    <ClCompile Include="SaveFunc.cpp" />
    <ClCompile Include="SceneEditor\CreateActorEditor.cpp" />
    <ClCompile Include="LoadFunc.cpp" />
    <ClCompile Include="Cursor\Cursor.cpp" />
    <ClCompile Include="SceneEditor\ActorEditor\PlayerEditor.cpp" />
    <ClCompile Include="SceneEditor\ActorEditor\Data\PosData.cpp" />
    <ClCompile Include="SceneEditor\ActorEditor\GroundEditor.cpp" />
    <ClCompile Include="StartActor.cpp" />
    <ClCompile Include="SceneEditor\ActorEditor\GuruWarpEditor.cpp" />
    <ClCompile Include="SceneEditor\ActorEditor\CameraEditor.cpp" />
    <ClCompile Include="Camera\EditorCamera.cpp" />
    <ClCompile Include="SceneEditor\ActorEditor\TogeEditor.cpp" />
    <ClCompile Include="SceneEditor\ActorEditor\TripleEditor.cpp" />
  </ItemGroup>
</Project>